
Microsoft Visual Studio Solution File, Format Version 12.00
# Visual Studio Version 16
VisualStudioVersion = 16.0.31105.61
MinimumVisualStudioVersion = 10.0.40219.1
Project("{FAE04EC0-301F-11D3-BF4B-00C04F79EFBC}") = "JokesWebApp", "JokesWebApp.csproj", "{FE834978-FB88-4C67-959F-221FC1D90502}"
EndProject
Global
	GlobalSection(SolutionConfigurationPlatforms) = preSolution
		Debug|Any CPU = Debug|Any CPU
		Release|Any CPU = Release|Any CPU
	EndGlobalSection
	GlobalSection(ProjectConfigurationPlatforms) = postSolution
		{FE834978-FB88-4C67-959F-221FC1D90502}.Debug|Any CPU.ActiveCfg = Debug|Any CPU
		{FE834978-FB88-4C67-959F-221FC1D90502}.Debug|Any CPU.Build.0 = Debug|Any CPU
		{FE834978-FB88-4C67-959F-221FC1D90502}.Release|Any CPU.ActiveCfg = Release|Any CPU
		{FE834978-FB88-4C67-959F-221FC1D90502}.Release|Any CPU.Build.0 = Release|Any CPU
	EndGlobalSection
	GlobalSection(SolutionProperties) = preSolution
		HideSolutionNode = FALSE
	EndGlobalSection
	GlobalSection(ExtensibilityGlobals) = postSolution
		SolutionGuid = {4DAA402B-FE90-4BCB-B298-62429D386D7C}
	EndGlobalSection
EndGlobal
